
Microsoft Visual Studio Solution File, Format Version 12.00
# Visual Studio Version 16
VisualStudioVersion = 16.0.30621.155
MinimumVisualStudioVersion = 10.0.40219.1
Project("{888888A0-9F3D-457C-B088-3A5042F75D52}") = "Hotel_Mangement", "Hotel_Mangement.pyproj", "{24D91BD1-27DE-49B0-AA0A-21731AC73472}"
EndProject
Global
	GlobalSection(SolutionConfigurationPlatforms) = preSolution
		Debug|Any CPU = Debug|Any CPU
		Release|Any CPU = Release|Any CPU
	EndGlobalSection
	GlobalSection(ProjectConfigurationPlatforms) = postSolution
		{24D91BD1-27DE-49B0-AA0A-21731AC73472}.Debug|Any CPU.ActiveCfg = Debug|Any CPU
		{24D91BD1-27DE-49B0-AA0A-21731AC73472}.Debug|Any CPU.Build.0 = Debug|Any CPU
		{24D91BD1-27DE-49B0-AA0A-21731AC73472}.Release|Any CPU.ActiveCfg = Release|Any CPU
		{24D91BD1-27DE-49B0-AA0A-21731AC73472}.Release|Any CPU.Build.0 = Release|Any CPU
	EndGlobalSection
	GlobalSection(SolutionProperties) = preSolution
		HideSolutionNode = FALSE
	EndGlobalSection
	GlobalSection(ExtensibilityGlobals) = postSolution
		SolutionGuid = {C040BAB1-206C-4745-B0A9-92320266E5D5}
	EndGlobalSection
EndGlobal
